
Microsoft Visual Studio Solution File, Format Version 12.00
# Visual Studio Version 16
VisualStudioVersion = 25.0.1704.3
MinimumVisualStudioVersion = 10.0.40219.1
Project("{FAE04EC0-301F-11D3-BF4B-00C04F79EFBC}") = "self-service", "self-service\self-service.csproj", "{DAA5C677-D49D-4562-94BE-57BFA6160365}"
EndProject
Project("{FAE04EC0-301F-11D3-BF4B-00C04F79EFBC}") = "EFDataAccessLibrary", "EFDataAccessLibrary\EFDataAccessLibrary.csproj", "{D7F5076E-40FE-404B-AB47-D7BDAF77B6C5}"
EndProject
Global
	GlobalSection(SolutionConfigurationPlatforms) = preSolution
		Debug|Any CPU = Debug|Any CPU
		Release|Any CPU = Release|Any CPU
	EndGlobalSection
	GlobalSection(ProjectConfigurationPlatforms) = postSolution
		{DAA5C677-D49D-4562-94BE-57BFA6160365}.Debug|Any CPU.ActiveCfg = Debug|Any CPU
		{DAA5C677-D49D-4562-94BE-57BFA6160365}.Debug|Any CPU.Build.0 = Debug|Any CPU
		{DAA5C677-D49D-4562-94BE-57BFA6160365}.Release|Any CPU.ActiveCfg = Release|Any CPU
		{DAA5C677-D49D-4562-94BE-57BFA6160365}.Release|Any CPU.Build.0 = Release|Any CPU
		{D7F5076E-40FE-404B-AB47-D7BDAF77B6C5}.Debug|Any CPU.ActiveCfg = Debug|Any CPU
		{D7F5076E-40FE-404B-AB47-D7BDAF77B6C5}.Debug|Any CPU.Build.0 = Debug|Any CPU
		{D7F5076E-40FE-404B-AB47-D7BDAF77B6C5}.Release|Any CPU.ActiveCfg = Release|Any CPU
		{D7F5076E-40FE-404B-AB47-D7BDAF77B6C5}.Release|Any CPU.Build.0 = Release|Any CPU
	EndGlobalSection
	GlobalSection(SolutionProperties) = preSolution
		HideSolutionNode = FALSE
	EndGlobalSection
	GlobalSection(ExtensibilityGlobals) = postSolution
		SolutionGuid = {82E5CCAA-49A2-4516-9732-21B76F72B1CD}
	EndGlobalSection
EndGlobal
